
Microsoft Visual Studio Solution File, Format Version 12.00
# Visual Studio Version 17
VisualStudioVersion = 17.11.35222.181
MinimumVisualStudioVersion = 10.0.40219.1
Project("{FAE04EC0-301F-11D3-BF4B-00C04F79EFBC}") = "berek2020", "berek2020.csproj", "{EA7372EB-DEE2-44CA-99C4-1D01687ED7CA}"
EndProject
Global
	GlobalSection(SolutionConfigurationPlatforms) = preSolution
		Debug|Any CPU = Debug|Any CPU
		Release|Any CPU = Release|Any CPU
	EndGlobalSection
	GlobalSection(ProjectConfigurationPlatforms) = postSolution
		{EA7372EB-DEE2-44CA-99C4-1D01687ED7CA}.Debug|Any CPU.ActiveCfg = Debug|Any CPU
		{EA7372EB-DEE2-44CA-99C4-1D01687ED7CA}.Debug|Any CPU.Build.0 = Debug|Any CPU
		{EA7372EB-DEE2-44CA-99C4-1D01687ED7CA}.Release|Any CPU.ActiveCfg = Release|Any CPU
		{EA7372EB-DEE2-44CA-99C4-1D01687ED7CA}.Release|Any CPU.Build.0 = Release|Any CPU
	EndGlobalSection
	GlobalSection(SolutionProperties) = preSolution
		HideSolutionNode = FALSE
	EndGlobalSection
	GlobalSection(ExtensibilityGlobals) = postSolution
		SolutionGuid = {86254390-8A58-4C51-9F9E-F862DC9E53E3}
	EndGlobalSection
EndGlobal
